
Microsoft Visual Studio Solution File, Format Version 12.00
# Visual Studio Version 16
VisualStudioVersion = 16.0.30816.121
MinimumVisualStudioVersion = 10.0.40219.1
Project("{FAE04EC0-301F-11D3-BF4B-00C04F79EFBC}") = "api.testing", "api.testing.csproj", "{D8A6E433-FB64-441A-986F-7BD8F27A9E7A}"
EndProject
Global
	GlobalSection(SolutionConfigurationPlatforms) = preSolution
		Debug|Any CPU = Debug|Any CPU
		Release|Any CPU = Release|Any CPU
	EndGlobalSection
	GlobalSection(ProjectConfigurationPlatforms) = postSolution
		{D8A6E433-FB64-441A-986F-7BD8F27A9E7A}.Debug|Any CPU.ActiveCfg = Debug|Any CPU
		{D8A6E433-FB64-441A-986F-7BD8F27A9E7A}.Debug|Any CPU.Build.0 = Debug|Any CPU
		{D8A6E433-FB64-441A-986F-7BD8F27A9E7A}.Release|Any CPU.ActiveCfg = Release|Any CPU
		{D8A6E433-FB64-441A-986F-7BD8F27A9E7A}.Release|Any CPU.Build.0 = Release|Any CPU
	EndGlobalSection
	GlobalSection(SolutionProperties) = preSolution
		HideSolutionNode = FALSE
	EndGlobalSection
	GlobalSection(ExtensibilityGlobals) = postSolution
		SolutionGuid = {5CD95978-6E63-4B1B-9355-F92D1E6F8AF0}
	EndGlobalSection
EndGlobal
